Microsoft Visual Studio Solution File, Format Version 12.00
# Visual Studio Version 17
VisualStudioVersion = 17.5.2.0
MinimumVisualStudioVersion = 10.0.40219.1
Project("{2150E333-8FDC-42A3-9474-1A3956D46DE8}") = "ProjetoEstacionamento", "ProjetoEstacionamento", "{8DBF4B43-6C36-391C-EEF3-EBA1F141F1F1}"
EndProject
Project("{2150E333-8FDC-42A3-9474-1A3956D46DE8}") = "ProjetoReservasNoHotel", "ProjetoReservasNoHotel", "{99A768B3-D006-E3F7-FE08-0AE949A367A4}"
EndProject
Project("{FAE04EC0-301F-11D3-BF4B-00C04F79EFBC}") = "DesafioFundamentos", "ProjetoEstacionamento\DesafioFundamentos\DesafioFundamentos.csproj", "{D5B1E2AB-4D2A-1365-A3A2-794BAC268D05}"
EndProject
Project("{FAE04EC0-301F-11D3-BF4B-00C04F79EFBC}") = "HotelReserva", "ProjetoReservasNoHotel\HotelReserva\HotelReserva.csproj", "{5CD0062C-1E22-9002-975E-B68CB1588B32}"
EndProject
Global
	GlobalSection(SolutionConfigurationPlatforms) = preSolution
		Debug|Any CPU = Debug|Any CPU
		Release|Any CPU = Release|Any CPU
	EndGlobalSection
	GlobalSection(ProjectConfigurationPlatforms) = postSolution
		{D5B1E2AB-4D2A-1365-A3A2-794BAC268D05}.Debug|Any CPU.ActiveCfg = Debug|Any CPU
		{D5B1E2AB-4D2A-1365-A3A2-794BAC268D05}.Debug|Any CPU.Build.0 = Debug|Any CPU
		{D5B1E2AB-4D2A-1365-A3A2-794BAC268D05}.Release|Any CPU.ActiveCfg = Release|Any CPU
		{D5B1E2AB-4D2A-1365-A3A2-794BAC268D05}.Release|Any CPU.Build.0 = Release|Any CPU
		{5CD0062C-1E22-9002-975E-B68CB1588B32}.Debug|Any CPU.ActiveCfg = Debug|Any CPU
		{5CD0062C-1E22-9002-975E-B68CB1588B32}.Debug|Any CPU.Build.0 = Debug|Any CPU
		{5CD0062C-1E22-9002-975E-B68CB1588B32}.Release|Any CPU.ActiveCfg = Release|Any CPU
		{5CD0062C-1E22-9002-975E-B68CB1588B32}.Release|Any CPU.Build.0 = Release|Any CPU
	EndGlobalSection
	GlobalSection(SolutionProperties) = preSolution
		HideSolutionNode = FALSE
	EndGlobalSection
	GlobalSection(NestedProjects) = preSolution
		{D5B1E2AB-4D2A-1365-A3A2-794BAC268D05} = {8DBF4B43-6C36-391C-EEF3-EBA1F141F1F1}
		{5CD0062C-1E22-9002-975E-B68CB1588B32} = {99A768B3-D006-E3F7-FE08-0AE949A367A4}
	EndGlobalSection
	GlobalSection(ExtensibilityGlobals) = postSolution
		SolutionGuid = {A5008C16-5985-4911-941C-D93CCC63055F}
	EndGlobalSection
EndGlobal
